<?xml version="1.0" encoding="utf-8"?>
<Project ToolsVersion="4.0" xmlns="http://schemas.microsoft.com/developer/msbuild/2003">
  <ItemGroup>
    <CudaCompile Include="fft.cu">
      <Filter>Fluff</Filter>
    </CudaCompile>
    <CudaCompile Include="FFT_BOILERPLATE.cu">
      <Filter>Fluff</Filter>
    </CudaCompile>
    <CudaCompile Include="cudaPart.cu">
      <Filter>Source Files</Filter>
    </CudaCompile>
    <CudaCompile Include="graphics.cu">
      <Filter>Source Files</Filter>
    </CudaCompile>
    <CudaCompile Include="hrtf_signals.cu">
      <Filter>Source Files</Filter>
    </CudaCompile>
    <CudaCompile Include="main.cu">
      <Filter>Source Files</Filter>
    </CudaCompile>
  </ItemGroup>
  <ItemGroup>
    <ClInclude Include="fft.h">
      <Filter>Fluff</Filter>
    </ClInclude>
    <ClInclude Include="hrtf_signals.h">
      <Filter>Fluff</Filter>
    </ClInclude>
    <ClInclude Include="cudaPart.cuh">
      <Filter>Header FIles</Filter>
    </ClInclude>
    <ClInclude Include="graphics.cuh">
      <Filter>Header FIles</Filter>
    </ClInclude>
    <ClInclude Include="hrtf_signals.cuh">
      <Filter>Header FIles</Filter>
    </ClInclude>
    <ClInclude Include="Universal.cuh">
      <Filter>Header FIles</Filter>
    </ClInclude>
    <ClInclude Include="main.cuh">
      <Filter>Header FIles</Filter>
    </ClInclude>
    <ClInclude Include="object.h">
      <Filter>Header FIles</Filter>
    </ClInclude>
    <ClInclude Include="load_3ds.h">
      <Filter>Header FIles</Filter>
    </ClInclude>
    <ClInclude Include="mat_matr.h">
      <Filter>Header FIles</Filter>
    </ClInclude>
    <ClInclude Include="mat_vect.h">
      <Filter>Header FIles</Filter>
    </ClInclude>
  </ItemGroup>
  <ItemGroup>
    <Filter Include="Fluff">
      <UniqueIdentifier>{93ea7f87-eabc-4270-8cef-6a8606fbca3e}</UniqueIdentifier>
    </Filter>
    <Filter Include="Header FIles">
      <UniqueIdentifier>{65f6d187-05fb-4401-8271-8bbbc5184f14}</UniqueIdentifier>
    </Filter>
    <Filter Include="Source Files">
      <UniqueIdentifier>{31da5666-c677-42dd-a94b-45a5ca0dd76a}</UniqueIdentifier>
    </Filter>
  </ItemGroup>
  <ItemGroup>
    <ClCompile Include="hrtf_signals.cpp">
      <Filter>Fluff</Filter>
    </ClCompile>
    <ClCompile Include="object.cpp">
      <Filter>Source Files</Filter>
    </ClCompile>
    <ClCompile Include="load_3ds.cpp">
      <Filter>Source Files</Filter>
    </ClCompile>
    <ClCompile Include="mat_matr.cpp">
      <Filter>Source Files</Filter>
    </ClCompile>
    <ClCompile Include="mat_vect.cpp">
      <Filter>Source Files</Filter>
    </ClCompile>
  </ItemGroup>
  <ItemGroup>
    <Media Include="s1_r1_b_441_mono.wav" />
    <Media Include="Vltava.wav" />
  </ItemGroup>
</Project>