
Microsoft Visual Studio Solution File, Format Version 12.00
# Visual Studio Version 16
VisualStudioVersion = 16.0.29609.76
MinimumVisualStudioVersion = 10.0.40219.1
Project("{8BC9CEB8-8B4A-11D0-8D11-00A0C91BC942}") = "Jefferson", "Jefferson\Jefferson.vcxproj", "{E74F810C-4109-4BB8-9EEC-9D3491B87972}"
EndProject
Global
	GlobalSection(SolutionConfigurationPlatforms) = preSolution
		CPU_TD|x64 = CPU_TD|x64
		Debug|x64 = Debug|x64
		GPU_TD|x64 = GPU_TD|x64
		Release|x64 = Release|x64
	EndGlobalSection
	GlobalSection(ProjectConfigurationPlatforms) = postSolution
		{E74F810C-4109-4BB8-9EEC-9D3491B87972}.CPU_TD|x64.ActiveCfg = CPU_TD|x64
		{E74F810C-4109-4BB8-9EEC-9D3491B87972}.CPU_TD|x64.Build.0 = CPU_TD|x64
		{E74F810C-4109-4BB8-9EEC-9D3491B87972}.Debug|x64.ActiveCfg = Debug|x64
		{E74F810C-4109-4BB8-9EEC-9D3491B87972}.Debug|x64.Build.0 = Debug|x64
		{E74F810C-4109-4BB8-9EEC-9D3491B87972}.GPU_TD|x64.ActiveCfg = GPU_TD|x64
		{E74F810C-4109-4BB8-9EEC-9D3491B87972}.GPU_TD|x64.Build.0 = GPU_TD|x64
		{E74F810C-4109-4BB8-9EEC-9D3491B87972}.Release|x64.ActiveCfg = Release|x64
		{E74F810C-4109-4BB8-9EEC-9D3491B87972}.Release|x64.Build.0 = Release|x64
	EndGlobalSection
	GlobalSection(SolutionProperties) = preSolution
		HideSolutionNode = FALSE
	EndGlobalSection
	GlobalSection(ExtensibilityGlobals) = postSolution
		SolutionGuid = {235A86A4-5A7F-41B7-AA6B-58F1B4622E07}
	EndGlobalSection
EndGlobal
